{
  "object": {
    "pins": [
      {
        "package": "Datable",
        "repositoryURL": "https://github.com/OperatorFoundation/Datable",
        "state": {
          "branch": "main",
          "revision": "86118a922137267780fde547fc0b3cf8cd5a3134",
          "version": null
        }
      }
    ]
  },
  "version": 1
}
